
Microsoft Visual Studio Solution File, Format Version 12.00
# Visual Studio Version 17
VisualStudioVersion = 17.4.33213.308
MinimumVisualStudioVersion = 10.0.40219.1
Project("{9A19103F-16F7-4668-BE54-9A1E7A4F7556}") = "HelloWorld", "HelloWorld\HelloWorld.csproj", "{8ED67C6A-5EDB-47BB-AFB9-9F36A54AAFFD}"
EndProject
Project("{FAE04EC0-301F-11D3-BF4B-00C04F79EFBC}") = "First1", "First1\First1.csproj", "{C1F668ED-2F9E-4346-97E7-83901431542A}"
EndProject
Global
	GlobalSection(SolutionConfigurationPlatforms) = preSolution
		Debug|Any CPU = Debug|Any CPU
		Release|Any CPU = Release|Any CPU
	EndGlobalSection
	GlobalSection(ProjectConfigurationPlatforms) = postSolution
		{8ED67C6A-5EDB-47BB-AFB9-9F36A54AAFFD}.Debug|Any CPU.ActiveCfg = Debug|Any CPU
		{8ED67C6A-5EDB-47BB-AFB9-9F36A54AAFFD}.Debug|Any CPU.Build.0 = Debug|Any CPU
		{8ED67C6A-5EDB-47BB-AFB9-9F36A54AAFFD}.Release|Any CPU.ActiveCfg = Release|Any CPU
		{8ED67C6A-5EDB-47BB-AFB9-9F36A54AAFFD}.Release|Any CPU.Build.0 = Release|Any CPU
		{C1F668ED-2F9E-4346-97E7-83901431542A}.Debug|Any CPU.ActiveCfg = Debug|Any CPU
		{C1F668ED-2F9E-4346-97E7-83901431542A}.Debug|Any CPU.Build.0 = Debug|Any CPU
		{C1F668ED-2F9E-4346-97E7-83901431542A}.Release|Any CPU.ActiveCfg = Release|Any CPU
		{C1F668ED-2F9E-4346-97E7-83901431542A}.Release|Any CPU.Build.0 = Release|Any CPU
	EndGlobalSection
	GlobalSection(SolutionProperties) = preSolution
		HideSolutionNode = FALSE
	EndGlobalSection
	GlobalSection(ExtensibilityGlobals) = postSolution
		SolutionGuid = {85870673-8193-431D-B2A1-EFBE005FC45E}
	EndGlobalSection
EndGlobal
